
Microsoft Visual Studio Solution File, Format Version 12.00
# Visual Studio Version 16
VisualStudioVersion = 16.0.29418.71
MinimumVisualStudioVersion = 10.0.40219.1
Project("{888888A0-9F3D-457C-B088-3A5042F75D52}") = "WeeklyReport", "WeeklyReport\WeeklyReport.pyproj", "{17CFB39E-20D2-4916-982E-DCBA68D66FDC}"
EndProject
Global
	GlobalSection(SolutionConfigurationPlatforms) = preSolution
		Debug|Any CPU = Debug|Any CPU
		Release|Any CPU = Release|Any CPU
	EndGlobalSection
	GlobalSection(ProjectConfigurationPlatforms) = postSolution
		{17CFB39E-20D2-4916-982E-DCBA68D66FDC}.Debug|Any CPU.ActiveCfg = Debug|Any CPU
		{17CFB39E-20D2-4916-982E-DCBA68D66FDC}.Debug|Any CPU.Build.0 = Debug|Any CPU
		{17CFB39E-20D2-4916-982E-DCBA68D66FDC}.Release|Any CPU.ActiveCfg = Release|Any CPU
		{17CFB39E-20D2-4916-982E-DCBA68D66FDC}.Release|Any CPU.Build.0 = Release|Any CPU
	EndGlobalSection
	GlobalSection(SolutionProperties) = preSolution
		HideSolutionNode = FALSE
	EndGlobalSection
	GlobalSection(ExtensibilityGlobals) = postSolution
		SolutionGuid = {A52E6D11-D833-4084-8FAF-AA056AFBAB8D}
	EndGlobalSection
EndGlobal
